
Microsoft Visual Studio Solution File, Format Version 12.00
# Visual Studio 15
VisualStudioVersion = 15.0.26124.0
MinimumVisualStudioVersion = 15.0.26124.0
Project("{2150E333-8FDC-42A3-9474-1A3956D46DE8}") = "src", "src", "{2634D9AA-FA40-474B-94D8-49DC6EB06A5B}"
EndProject
Project("{9A19103F-16F7-4668-BE54-9A1E7A4F7556}") = "IdentityServer", "src\IdentityServer\IdentityServer.csproj", "{3986BD76-7CAB-42F4-BCD6-4F7C96E272A6}"
EndProject
Project("{9A19103F-16F7-4668-BE54-9A1E7A4F7556}") = "Api", "src\Api\Api.csproj", "{140ADCB5-A882-48F1-92DF-6D61E9F1B78C}"
EndProject
Project("{9A19103F-16F7-4668-BE54-9A1E7A4F7556}") = "Client", "src\Client\Client.csproj", "{C21CFB72-DC22-4596-AF0F-16211F9CCB6E}"
EndProject
Project("{FAE04EC0-301F-11D3-BF4B-00C04F79EFBC}") = "Api2", "Api2\Api2.csproj", "{2737F6F8-D1A0-437F-94F5-83A560B722D9}"
EndProject
Project("{FAE04EC0-301F-11D3-BF4B-00C04F79EFBC}") = "WebApplication1", "WebApplication1\WebApplication1.csproj", "{8B9B6E94-B0AA-4A22-8754-C37EC2635CE7}"
EndProject
Global
	GlobalSection(SolutionConfigurationPlatforms) = preSolution
		Debug|Any CPU = Debug|Any CPU
		Debug|x64 = Debug|x64
		Debug|x86 = Debug|x86
		Release|Any CPU = Release|Any CPU
		Release|x64 = Release|x64
		Release|x86 = Release|x86
	EndGlobalSection
	GlobalSection(ProjectConfigurationPlatforms) = postSolution
		{3986BD76-7CAB-42F4-BCD6-4F7C96E272A6}.Debug|Any CPU.ActiveCfg = Debug|Any CPU
		{3986BD76-7CAB-42F4-BCD6-4F7C96E272A6}.Debug|Any CPU.Build.0 = Debug|Any CPU
		{3986BD76-7CAB-42F4-BCD6-4F7C96E272A6}.Debug|x64.ActiveCfg = Debug|Any CPU
		{3986BD76-7CAB-42F4-BCD6-4F7C96E272A6}.Debug|x64.Build.0 = Debug|Any CPU
		{3986BD76-7CAB-42F4-BCD6-4F7C96E272A6}.Debug|x86.ActiveCfg = Debug|Any CPU
		{3986BD76-7CAB-42F4-BCD6-4F7C96E272A6}.Debug|x86.Build.0 = Debug|Any CPU
		{3986BD76-7CAB-42F4-BCD6-4F7C96E272A6}.Release|Any CPU.ActiveCfg = Release|Any CPU
		{3986BD76-7CAB-42F4-BCD6-4F7C96E272A6}.Release|Any CPU.Build.0 = Release|Any CPU
		{3986BD76-7CAB-42F4-BCD6-4F7C96E272A6}.Release|x64.ActiveCfg = Release|Any CPU
		{3986BD76-7CAB-42F4-BCD6-4F7C96E272A6}.Release|x64.Build.0 = Release|Any CPU
		{3986BD76-7CAB-42F4-BCD6-4F7C96E272A6}.Release|x86.ActiveCfg = Release|Any CPU
		{3986BD76-7CAB-42F4-BCD6-4F7C96E272A6}.Release|x86.Build.0 = Release|Any CPU
		{140ADCB5-A882-48F1-92DF-6D61E9F1B78C}.Debug|Any CPU.ActiveCfg = Debug|Any CPU
		{140ADCB5-A882-48F1-92DF-6D61E9F1B78C}.Debug|Any CPU.Build.0 = Debug|Any CPU
		{140ADCB5-A882-48F1-92DF-6D61E9F1B78C}.Debug|x64.ActiveCfg = Debug|Any CPU
		{140ADCB5-A882-48F1-92DF-6D61E9F1B78C}.Debug|x64.Build.0 = Debug|Any CPU
		{140ADCB5-A882-48F1-92DF-6D61E9F1B78C}.Debug|x86.ActiveCfg = Debug|Any CPU
		{140ADCB5-A882-48F1-92DF-6D61E9F1B78C}.Debug|x86.Build.0 = Debug|Any CPU
		{140ADCB5-A882-48F1-92DF-6D61E9F1B78C}.Release|Any CPU.ActiveCfg = Release|Any CPU
		{140ADCB5-A882-48F1-92DF-6D61E9F1B78C}.Release|Any CPU.Build.0 = Release|Any CPU
		{140ADCB5-A882-48F1-92DF-6D61E9F1B78C}.Release|x64.ActiveCfg = Release|Any CPU
		{140ADCB5-A882-48F1-92DF-6D61E9F1B78C}.Release|x64.Build.0 = Release|Any CPU
		{140ADCB5-A882-48F1-92DF-6D61E9F1B78C}.Release|x86.ActiveCfg = Release|Any CPU
		{140ADCB5-A882-48F1-92DF-6D61E9F1B78C}.Release|x86.Build.0 = Release|Any CPU
		{C21CFB72-DC22-4596-AF0F-16211F9CCB6E}.Debug|Any CPU.ActiveCfg = Debug|Any CPU
		{C21CFB72-DC22-4596-AF0F-16211F9CCB6E}.Debug|Any CPU.Build.0 = Debug|Any CPU
		{C21CFB72-DC22-4596-AF0F-16211F9CCB6E}.Debug|x64.ActiveCfg = Debug|Any CPU
		{C21CFB72-DC22-4596-AF0F-16211F9CCB6E}.Debug|x64.Build.0 = Debug|Any CPU
		{C21CFB72-DC22-4596-AF0F-16211F9CCB6E}.Debug|x86.ActiveCfg = Debug|Any CPU
		{C21CFB72-DC22-4596-AF0F-16211F9CCB6E}.Debug|x86.Build.0 = Debug|Any CPU
		{C21CFB72-DC22-4596-AF0F-16211F9CCB6E}.Release|Any CPU.ActiveCfg = Release|Any CPU
		{C21CFB72-DC22-4596-AF0F-16211F9CCB6E}.Release|Any CPU.Build.0 = Release|Any CPU
		{C21CFB72-DC22-4596-AF0F-16211F9CCB6E}.Release|x64.ActiveCfg = Release|Any CPU
		{C21CFB72-DC22-4596-AF0F-16211F9CCB6E}.Release|x64.Build.0 = Release|Any CPU
		{C21CFB72-DC22-4596-AF0F-16211F9CCB6E}.Release|x86.ActiveCfg = Release|Any CPU
		{C21CFB72-DC22-4596-AF0F-16211F9CCB6E}.Release|x86.Build.0 = Release|Any CPU
		{2737F6F8-D1A0-437F-94F5-83A560B722D9}.Debug|Any CPU.ActiveCfg = Debug|Any CPU
		{2737F6F8-D1A0-437F-94F5-83A560B722D9}.Debug|Any CPU.Build.0 = Debug|Any CPU
		{2737F6F8-D1A0-437F-94F5-83A560B722D9}.Debug|x64.ActiveCfg = Debug|Any CPU
		{2737F6F8-D1A0-437F-94F5-83A560B722D9}.Debug|x64.Build.0 = Debug|Any CPU
		{2737F6F8-D1A0-437F-94F5-83A560B722D9}.Debug|x86.ActiveCfg = Debug|Any CPU
		{2737F6F8-D1A0-437F-94F5-83A560B722D9}.Debug|x86.Build.0 = Debug|Any CPU
		{2737F6F8-D1A0-437F-94F5-83A560B722D9}.Release|Any CPU.ActiveCfg = Release|Any CPU
		{2737F6F8-D1A0-437F-94F5-83A560B722D9}.Release|Any CPU.Build.0 = Release|Any CPU
		{2737F6F8-D1A0-437F-94F5-83A560B722D9}.Release|x64.ActiveCfg = Release|Any CPU
		{2737F6F8-D1A0-437F-94F5-83A560B722D9}.Release|x64.Build.0 = Release|Any CPU
		{2737F6F8-D1A0-437F-94F5-83A560B722D9}.Release|x86.ActiveCfg = Release|Any CPU
		{2737F6F8-D1A0-437F-94F5-83A560B722D9}.Release|x86.Build.0 = Release|Any CPU
		{8B9B6E94-B0AA-4A22-8754-C37EC2635CE7}.Debug|Any CPU.ActiveCfg = Debug|Any CPU
		{8B9B6E94-B0AA-4A22-8754-C37EC2635CE7}.Debug|Any CPU.Build.0 = Debug|Any CPU
		{8B9B6E94-B0AA-4A22-8754-C37EC2635CE7}.Debug|x64.ActiveCfg = Debug|Any CPU
		{8B9B6E94-B0AA-4A22-8754-C37EC2635CE7}.Debug|x64.Build.0 = Debug|Any CPU
		{8B9B6E94-B0AA-4A22-8754-C37EC2635CE7}.Debug|x86.ActiveCfg = Debug|Any CPU
		{8B9B6E94-B0AA-4A22-8754-C37EC2635CE7}.Debug|x86.Build.0 = Debug|Any CPU
		{8B9B6E94-B0AA-4A22-8754-C37EC2635CE7}.Release|Any CPU.ActiveCfg = Release|Any CPU
		{8B9B6E94-B0AA-4A22-8754-C37EC2635CE7}.Release|Any CPU.Build.0 = Release|Any CPU
		{8B9B6E94-B0AA-4A22-8754-C37EC2635CE7}.Release|x64.ActiveCfg = Release|Any CPU
		{8B9B6E94-B0AA-4A22-8754-C37EC2635CE7}.Release|x64.Build.0 = Release|Any CPU
		{8B9B6E94-B0AA-4A22-8754-C37EC2635CE7}.Release|x86.ActiveCfg = Release|Any CPU
		{8B9B6E94-B0AA-4A22-8754-C37EC2635CE7}.Release|x86.Build.0 = Release|Any CPU
	EndGlobalSection
	GlobalSection(SolutionProperties) = preSolution
		HideSolutionNode = FALSE
	EndGlobalSection
	GlobalSection(NestedProjects) = preSolution
		{3986BD76-7CAB-42F4-BCD6-4F7C96E272A6} = {2634D9AA-FA40-474B-94D8-49DC6EB06A5B}
		{140ADCB5-A882-48F1-92DF-6D61E9F1B78C} = {2634D9AA-FA40-474B-94D8-49DC6EB06A5B}
		{C21CFB72-DC22-4596-AF0F-16211F9CCB6E} = {2634D9AA-FA40-474B-94D8-49DC6EB06A5B}
		{2737F6F8-D1A0-437F-94F5-83A560B722D9} = {2634D9AA-FA40-474B-94D8-49DC6EB06A5B}
		{8B9B6E94-B0AA-4A22-8754-C37EC2635CE7} = {2634D9AA-FA40-474B-94D8-49DC6EB06A5B}
	EndGlobalSection
	GlobalSection(ExtensibilityGlobals) = postSolution
		SolutionGuid = {645D9C2F-CCFB-4044-9EC3-2287BF32604C}
	EndGlobalSection
EndGlobal
